
Microsoft Visual Studio Solution File, Format Version 12.00
# Visual Studio Version 17
VisualStudioVersion = 17.4.33213.308
MinimumVisualStudioVersion = 10.0.40219.1
Project("{2150E333-8FDC-42A3-9474-1A3956D46DE8}") = "Enterprice Business Rules", "Enterprice Business Rules", "{864F2464-7FED-4103-A04C-842B365300F8}"
EndProject
Project("{2150E333-8FDC-42A3-9474-1A3956D46DE8}") = "Application Business Rules", "Application Business Rules", "{E45BDA81-13FB-4EAC-A15B-71118337B945}"
EndProject
Project("{2150E333-8FDC-42A3-9474-1A3956D46DE8}") = "Interface Adapters", "Interface Adapters", "{7E7C386C-587B-46A4-8F61-A938758BADA0}"
EndProject
Project("{2150E333-8FDC-42A3-9474-1A3956D46DE8}") = "Frameworks And Drivers", "Frameworks And Drivers", "{AA3C2B24-CF5A-4A1F-B6BA-C5A0D9EC20E2}"
EndProject
Project("{9A19103F-16F7-4668-BE54-9A1E7A4F7556}") = "NorthWind.Entities", "NorthWind.Entities\NorthWind.Entities.csproj", "{1D65D852-0C78-4B29-AA68-DFAFC11711D1}"
EndProject
Project("{2150E333-8FDC-42A3-9474-1A3956D46DE8}") = "Gateways", "Gateways", "{FED2047E-F5AA-4D94-A060-02C24EC8F300}"
EndProject
Project("{9A19103F-16F7-4668-BE54-9A1E7A4F7556}") = "NorthWind.Repositories.EFCore", "NorthWind.Repositories.EFCore\NorthWind.Repositories.EFCore.csproj", "{E3965651-C40B-4040-97EC-CBA5765C5125}"
EndProject
Project("{FAE04EC0-301F-11D3-BF4B-00C04F79EFBC}") = "NorthWind.UseCasesDTOs", "NorthWind.UseCasesDTOs\NorthWind.UseCasesDTOs.csproj", "{745CBAA1-05E1-4004-975F-92EC943ED7AD}"
EndProject
Project("{FAE04EC0-301F-11D3-BF4B-00C04F79EFBC}") = "NorthWind.UseCases", "NorthWind.UseCases\NorthWind.UseCases.csproj", "{824448C8-F558-4845-B424-69813C24BC3C}"
EndProject
Global
	GlobalSection(SolutionConfigurationPlatforms) = preSolution
		Debug|Any CPU = Debug|Any CPU
		Release|Any CPU = Release|Any CPU
	EndGlobalSection
	GlobalSection(ProjectConfigurationPlatforms) = postSolution
		{1D65D852-0C78-4B29-AA68-DFAFC11711D1}.Debug|Any CPU.ActiveCfg = Debug|Any CPU
		{1D65D852-0C78-4B29-AA68-DFAFC11711D1}.Debug|Any CPU.Build.0 = Debug|Any CPU
		{1D65D852-0C78-4B29-AA68-DFAFC11711D1}.Release|Any CPU.ActiveCfg = Release|Any CPU
		{1D65D852-0C78-4B29-AA68-DFAFC11711D1}.Release|Any CPU.Build.0 = Release|Any CPU
		{E3965651-C40B-4040-97EC-CBA5765C5125}.Debug|Any CPU.ActiveCfg = Debug|Any CPU
		{E3965651-C40B-4040-97EC-CBA5765C5125}.Debug|Any CPU.Build.0 = Debug|Any CPU
		{E3965651-C40B-4040-97EC-CBA5765C5125}.Release|Any CPU.ActiveCfg = Release|Any CPU
		{E3965651-C40B-4040-97EC-CBA5765C5125}.Release|Any CPU.Build.0 = Release|Any CPU
		{745CBAA1-05E1-4004-975F-92EC943ED7AD}.Debug|Any CPU.ActiveCfg = Debug|Any CPU
		{745CBAA1-05E1-4004-975F-92EC943ED7AD}.Debug|Any CPU.Build.0 = Debug|Any CPU
		{745CBAA1-05E1-4004-975F-92EC943ED7AD}.Release|Any CPU.ActiveCfg = Release|Any CPU
		{745CBAA1-05E1-4004-975F-92EC943ED7AD}.Release|Any CPU.Build.0 = Release|Any CPU
		{824448C8-F558-4845-B424-69813C24BC3C}.Debug|Any CPU.ActiveCfg = Debug|Any CPU
		{824448C8-F558-4845-B424-69813C24BC3C}.Debug|Any CPU.Build.0 = Debug|Any CPU
		{824448C8-F558-4845-B424-69813C24BC3C}.Release|Any CPU.ActiveCfg = Release|Any CPU
		{824448C8-F558-4845-B424-69813C24BC3C}.Release|Any CPU.Build.0 = Release|Any CPU
	EndGlobalSection
	GlobalSection(SolutionProperties) = preSolution
		HideSolutionNode = FALSE
	EndGlobalSection
	GlobalSection(NestedProjects) = preSolution
		{1D65D852-0C78-4B29-AA68-DFAFC11711D1} = {864F2464-7FED-4103-A04C-842B365300F8}
		{FED2047E-F5AA-4D94-A060-02C24EC8F300} = {7E7C386C-587B-46A4-8F61-A938758BADA0}
		{E3965651-C40B-4040-97EC-CBA5765C5125} = {FED2047E-F5AA-4D94-A060-02C24EC8F300}
		{745CBAA1-05E1-4004-975F-92EC943ED7AD} = {E45BDA81-13FB-4EAC-A15B-71118337B945}
		{824448C8-F558-4845-B424-69813C24BC3C} = {E45BDA81-13FB-4EAC-A15B-71118337B945}
	EndGlobalSection
	GlobalSection(ExtensibilityGlobals) = postSolution
		SolutionGuid = {4436CDFE-1FEF-4645-8E5B-BDE61D4902B8}
	EndGlobalSection
EndGlobal
